
Microsoft Visual Studio Solution File, Format Version 12.00
# Visual Studio Version 17
VisualStudioVersion = 17.6.33723.286
MinimumVisualStudioVersion = 10.0.40219.1
Project("{FAE04EC0-301F-11D3-BF4B-00C04F79EFBC}") = "ApiLivros", "ApiLivros\ApiLivros.csproj", "{CDD836B8-830A-4AC3-9446-5812AF956C25}"
EndProject
Global
	GlobalSection(SolutionConfigurationPlatforms) = preSolution
		Debug|Any CPU = Debug|Any CPU
		Release|Any CPU = Release|Any CPU
	EndGlobalSection
	GlobalSection(ProjectConfigurationPlatforms) = postSolution
		{CDD836B8-830A-4AC3-9446-5812AF956C25}.Debug|Any CPU.ActiveCfg = Debug|Any CPU
		{CDD836B8-830A-4AC3-9446-5812AF956C25}.Debug|Any CPU.Build.0 = Debug|Any CPU
		{CDD836B8-830A-4AC3-9446-5812AF956C25}.Release|Any CPU.ActiveCfg = Release|Any CPU
		{CDD836B8-830A-4AC3-9446-5812AF956C25}.Release|Any CPU.Build.0 = Release|Any CPU
	EndGlobalSection
	GlobalSection(SolutionProperties) = preSolution
		HideSolutionNode = FALSE
	EndGlobalSection
	GlobalSection(ExtensibilityGlobals) = postSolution
		SolutionGuid = {5141C7F5-6C43-4F6E-9F2A-6D297DA33522}
	EndGlobalSection
EndGlobal
